
Microsoft Visual Studio Solution File, Format Version 12.00
# Visual Studio Version 17
VisualStudioVersion = 17.5.002.0
MinimumVisualStudioVersion = 10.0.40219.1
Project("{9A19103F-16F7-4668-BE54-9A1E7A4F7556}") = "MyConsoleApp", "MyConsoleApp.csproj", "{06223C91-E73B-4B57-A328-1E6345A50A54}"
EndProject
Global
	GlobalSection(SolutionConfigurationPlatforms) = preSolution
		Debug|Any CPU = Debug|Any CPU
		Release|Any CPU = Release|Any CPU
	EndGlobalSection
	GlobalSection(ProjectConfigurationPlatforms) = postSolution
		{06223C91-E73B-4B57-A328-1E6345A50A54}.Debug|Any CPU.ActiveCfg = Debug|Any CPU
		{06223C91-E73B-4B57-A328-1E6345A50A54}.Debug|Any CPU.Build.0 = Debug|Any CPU
		{06223C91-E73B-4B57-A328-1E6345A50A54}.Release|Any CPU.ActiveCfg = Release|Any CPU
		{06223C91-E73B-4B57-A328-1E6345A50A54}.Release|Any CPU.Build.0 = Release|Any CPU
	EndGlobalSection
	GlobalSection(SolutionProperties) = preSolution
		HideSolutionNode = FALSE
	EndGlobalSection
	GlobalSection(ExtensibilityGlobals) = postSolution
		SolutionGuid = {1C3BAE13-D367-420B-9F9B-D7A0CB7D6850}
	EndGlobalSection
EndGlobal
